
Microsoft Visual Studio Solution File, Format Version 12.00
# Visual Studio Version 17
VisualStudioVersion = 17.14.36623.8
MinimumVisualStudioVersion = 10.0.40219.1
Project("{FAE04EC0-301F-11D3-BF4B-00C04F79EFBC}") = "OrderIngestion.Application", "OrderIngestion.Application\OrderIngestion.Application.csproj", "{9A634C5F-FC88-4203-9565-F76024BF839D}"
EndProject
Project("{FAE04EC0-301F-11D3-BF4B-00C04F79EFBC}") = "OrderIngestion.Infrastructure", "OrderIngestion.Infrastructure\OrderIngestion.Infrastructure.csproj", "{1C74C19A-CE6E-4175-A115-745C9172ED9F}"
EndProject
Project("{FAE04EC0-301F-11D3-BF4B-00C04F79EFBC}") = "OrderIngestion.Api", "OrderIngestion.Api\OrderIngestion.Api.csproj", "{7A85A57A-8C4D-DE0E-25AF-7624F2DBD530}"
EndProject
Global
	GlobalSection(SolutionConfigurationPlatforms) = preSolution
		Debug|Any CPU = Debug|Any CPU
		Release|Any CPU = Release|Any CPU
	EndGlobalSection
	GlobalSection(ProjectConfigurationPlatforms) = postSolution
		{9A634C5F-FC88-4203-9565-F76024BF839D}.Debug|Any CPU.ActiveCfg = Debug|Any CPU
		{9A634C5F-FC88-4203-9565-F76024BF839D}.Debug|Any CPU.Build.0 = Debug|Any CPU
		{9A634C5F-FC88-4203-9565-F76024BF839D}.Release|Any CPU.ActiveCfg = Release|Any CPU
		{9A634C5F-FC88-4203-9565-F76024BF839D}.Release|Any CPU.Build.0 = Release|Any CPU
		{1C74C19A-CE6E-4175-A115-745C9172ED9F}.Debug|Any CPU.ActiveCfg = Debug|Any CPU
		{1C74C19A-CE6E-4175-A115-745C9172ED9F}.Debug|Any CPU.Build.0 = Debug|Any CPU
		{1C74C19A-CE6E-4175-A115-745C9172ED9F}.Release|Any CPU.ActiveCfg = Release|Any CPU
		{1C74C19A-CE6E-4175-A115-745C9172ED9F}.Release|Any CPU.Build.0 = Release|Any CPU
		{7A85A57A-8C4D-DE0E-25AF-7624F2DBD530}.Debug|Any CPU.ActiveCfg = Debug|Any CPU
		{7A85A57A-8C4D-DE0E-25AF-7624F2DBD530}.Debug|Any CPU.Build.0 = Debug|Any CPU
		{7A85A57A-8C4D-DE0E-25AF-7624F2DBD530}.Release|Any CPU.ActiveCfg = Release|Any CPU
		{7A85A57A-8C4D-DE0E-25AF-7624F2DBD530}.Release|Any CPU.Build.0 = Release|Any CPU
	EndGlobalSection
	GlobalSection(SolutionProperties) = preSolution
		HideSolutionNode = FALSE
	EndGlobalSection
	GlobalSection(ExtensibilityGlobals) = postSolution
		SolutionGuid = {6CC7B67E-399B-4C49-97D3-C071F8E99DB7}
	EndGlobalSection
EndGlobal
